# This file is automatically @generated by Cargo.
# It is not intended for manual editing.
version = 4

[[package]]
name = "onenote-core"
version = "0.1.0"

[[package]]
name = "onenote-index"
version = "0.1.0"
dependencies = [
 "onenote-core",
]

[[package]]
name = "onenote-render"
version = "0.1.0"
dependencies = [
 "onenote-core",
]

[[package]]
name = "onenote-render-gtk"
version = "0.1.0"
dependencies = [
 "onenote-render",
]

[[package]]
name = "onenote-viewer"
version = "0.1.0"
dependencies = [
 "onenote-core",
 "onenote-index",
 "onenote-render",
 "onenote-render-gtk",
]
